// !$*UTF8*$!
{
	archiveVersion = 1;
	classes = {
	};
	objectVersion = 46;
	objects = {

/* Begin PBXBuildFile section */
		9301D5BE1B31781E00618CDF /* delaunay_triangulator.cc in Sources */ = {isa = PBXBuildFile; fileRef = 9301D5AE1B31781E00618CDF /* delaunay_triangulator.cc */; };
		9301D5BF1B31781E00618CDF /* delaunay_triangulator.cc in Sources */ = {isa = PBXBuildFile; fileRef = 9301D5AE1B31781E00618CDF /* delaunay_triangulator.cc */; };
		9301D5C21B31781E00618CDF /* edge_iterator.cc in Sources */ = {isa = PBXBuildFile; fileRef = 9301D5B01B31781E00618CDF /* edge_iterator.cc */; };
		9301D5C31B31781E00618CDF /* edge_iterator.cc in Sources */ = {isa = PBXBuildFile; fileRef = 9301D5B01B31781E00618CDF /* edge_iterator.cc */; };
		9301D5CC1B31781E00618CDF /* result.cc in Sources */ = {isa = PBXBuildFile; fileRef = 9301D5B51B31781E00618CDF /* result.cc */; };
		9301D5CD1B31781E00618CDF /* result.cc in Sources */ = {isa = PBXBuildFile; fileRef = 9301D5B51B31781E00618CDF /* result.cc */; };
		9301D5D01B31781E00618CDF /* triangle_iterator.cc in Sources */ = {isa = PBXBuildFile; fileRef = 9301D5B71B31781E00618CDF /* triangle_iterator.cc */; };
		9301D5D11B31781E00618CDF /* triangle_iterator.cc in Sources */ = {isa = PBXBuildFile; fileRef = 9301D5B71B31781E00618CDF /* triangle_iterator.cc */; };
		9301D5D41B31781E00618CDF /* triangulator.cc in Sources */ = {isa = PBXBuildFile; fileRef = 9301D5B91B31781E00618CDF /* triangulator.cc */; };
		9301D5D51B31781E00618CDF /* triangulator.cc in Sources */ = {isa = PBXBuildFile; fileRef = 9301D5B91B31781E00618CDF /* triangulator.cc */; };
		9301D5DA1B31781E00618CDF /* voronoi_triangulator.cc in Sources */ = {isa = PBXBuildFile; fileRef = 9301D5BC1B31781E00618CDF /* voronoi_triangulator.cc */; };
		9301D5DB1B31781E00618CDF /* voronoi_triangulator.cc in Sources */ = {isa = PBXBuildFile; fileRef = 9301D5BC1B31781E00618CDF /* voronoi_triangulator.cc */; };
		930955281A4FB35A00D09023 /* triangle.c in Sources */ = {isa = PBXBuildFile; fileRef = 93F8F36C1A284949007DDBE4 /* triangle.c */; settings = {COMPILER_FLAGS = "-w -D TRILIBRARY -D ANSI_DECLARATORS"; }; };
		9309552A1A4FB36D00D09023 /* triangle.c in Sources */ = {isa = PBXBuildFile; fileRef = 93F8F36C1A284949007DDBE4 /* triangle.c */; settings = {COMPILER_FLAGS = "-w -D TRILIBRARY -D ANSI_DECLARATORS"; }; };
		930955321A4FB46600D09023 /* libtakram_triangulation.dylib in Frameworks */ = {isa = PBXBuildFile; fileRef = 9309550E1A4FB1FC00D09023 /* libtakram_triangulation.dylib */; };
		9356395F1B624E69004C47E4 /* triangulation.cc in Sources */ = {isa = PBXBuildFile; fileRef = 93694DBE1B48D46A000A5277 /* triangulation.cc */; };
		935639601B624E69004C47E4 /* result.cc in Sources */ = {isa = PBXBuildFile; fileRef = 9301D5B51B31781E00618CDF /* result.cc */; };
		935639611B624E69004C47E4 /* edge_iterator.cc in Sources */ = {isa = PBXBuildFile; fileRef = 9301D5B01B31781E00618CDF /* edge_iterator.cc */; };
		935639621B624E69004C47E4 /* triangle_iterator.cc in Sources */ = {isa = PBXBuildFile; fileRef = 9301D5B71B31781E00618CDF /* triangle_iterator.cc */; };
		935639631B624E69004C47E4 /* triangulator.cc in Sources */ = {isa = PBXBuildFile; fileRef = 9301D5B91B31781E00618CDF /* triangulator.cc */; };
		935639641B624E69004C47E4 /* delaunay_triangulator.cc in Sources */ = {isa = PBXBuildFile; fileRef = 9301D5AE1B31781E00618CDF /* delaunay_triangulator.cc */; };
		935639651B624E69004C47E4 /* voronoi_triangulator.cc in Sources */ = {isa = PBXBuildFile; fileRef = 9301D5BC1B31781E00618CDF /* voronoi_triangulator.cc */; };
		935639E31B67220A004C47E4 /* libtakram_math.dylib in Frameworks */ = {isa = PBXBuildFile; fileRef = 935639D41B6721A9004C47E4 /* libtakram_math.dylib */; };
		935639E61B672210004C47E4 /* libtakram_math.a in Frameworks */ = {isa = PBXBuildFile; fileRef = 935639D61B6721A9004C47E4 /* libtakram_math.a */; };
		935639E91B672215004C47E4 /* libtakram_math.a in Frameworks */ = {isa = PBXBuildFile; fileRef = 935639D81B6721A9004C47E4 /* libtakram_math.a */; };
		93694DBF1B48D46A000A5277 /* triangulation.cc in Sources */ = {isa = PBXBuildFile; fileRef = 93694DBE1B48D46A000A5277 /* triangulation.cc */; };
		93694DC01B48D46A000A5277 /* triangulation.cc in Sources */ = {isa = PBXBuildFile; fileRef = 93694DBE1B48D46A000A5277 /* triangulation.cc */; };
		9397F5B51B647E7A00DFEDC9 /* triangle.c in Sources */ = {isa = PBXBuildFile; fileRef = 93F8F36C1A284949007DDBE4 /* triangle.c */; settings = {COMPILER_FLAGS = "-w -D TRILIBRARY -D ANSI_DECLARATORS"; }; };
/* End PBXBuildFile section */

/* Begin PBXContainerItemProxy section */
		930955301A4FB46000D09023 /* PBXContainerItemProxy */ = {
			isa = PBXContainerItemProxy;
			containerPortal = 93F8AD6717C8B39800310877 /* Project object */;
			proxyType = 1;
			remoteGlobalIDString = 9309550D1A4FB1FC00D09023;
			remoteInfo = takram_triangulation_shared;
		};
		935639D31B6721A9004C47E4 /* PBXContainerItemProxy */ = {
			isa = PBXContainerItemProxy;
			containerPortal = 93E21F5E1B48EC47000A374A /* math.xcodeproj */;
			proxyType = 2;
			remoteGlobalIDString = 9309550E1A4FB1FC00D09023;
			remoteInfo = math_shared;
		};
		935639D51B6721A9004C47E4 /* PBXContainerItemProxy */ = {
			isa = PBXContainerItemProxy;
			containerPortal = 93E21F5E1B48EC47000A374A /* math.xcodeproj */;
			proxyType = 2;
			remoteGlobalIDString = 93C6B51519B22F5500A1CF93;
			remoteInfo = math_static;
		};
		935639D71B6721A9004C47E4 /* PBXContainerItemProxy */ = {
			isa = PBXContainerItemProxy;
			containerPortal = 93E21F5E1B48EC47000A374A /* math.xcodeproj */;
			proxyType = 2;
			remoteGlobalIDString = 93F858331B564DB200C32E8D;
			remoteInfo = math_ios;
		};
		935639D91B6721A9004C47E4 /* PBXContainerItemProxy */ = {
			isa = PBXContainerItemProxy;
			containerPortal = 93E21F5E1B48EC47000A374A /* math.xcodeproj */;
			proxyType = 2;
			remoteGlobalIDString = 93F1B9F6180282B0002A5A5C;
			remoteInfo = math_test;
		};
		935639DD1B672206004C47E4 /* PBXContainerItemProxy */ = {
			isa = PBXContainerItemProxy;
			containerPortal = 93E21F5E1B48EC47000A374A /* math.xcodeproj */;
			proxyType = 1;
			remoteGlobalIDString = 9309550D1A4FB1FC00D09023;
			remoteInfo = math_shared;
		};
		935639E41B67220E004C47E4 /* PBXContainerItemProxy */ = {
			isa = PBXContainerItemProxy;
			containerPortal = 93E21F5E1B48EC47000A374A /* math.xcodeproj */;
			proxyType = 1;
			remoteGlobalIDString = 93C6B51419B22F5500A1CF93;
			remoteInfo = math_static;
		};
		935639E71B672213004C47E4 /* PBXContainerItemProxy */ = {
			isa = PBXContainerItemProxy;
			containerPortal = 93E21F5E1B48EC47000A374A /* math.xcodeproj */;
			proxyType = 1;
			remoteGlobalIDString = 93F858161B564DB200C32E8D;
			remoteInfo = math_ios;
		};
/* End PBXContainerItemProxy section */

/* Begin PBXFileReference section */
		9301D5AE1B31781E00618CDF /* delaunay_triangulator.cc */ = {isa = PBXFileReference; fileEncoding = 4; lastKnownFileType = sourcecode.cpp.cpp; path = delaunay_triangulator.cc; sourceTree = "<group>"; };
		9301D5AF1B31781E00618CDF /* delaunay_triangulator.h */ = {isa = PBXFileReference; fileEncoding = 4; lastKnownFileType = sourcecode.c.h; path = delaunay_triangulator.h; sourceTree = "<group>"; };
		9301D5B01B31781E00618CDF /* edge_iterator.cc */ = {isa = PBXFileReference; fileEncoding = 4; lastKnownFileType = sourcecode.cpp.cpp; path = edge_iterator.cc; sourceTree = "<group>"; };
		9301D5B11B31781E00618CDF /* edge_iterator.h */ = {isa = PBXFileReference; fileEncoding = 4; lastKnownFileType = sourcecode.c.h; path = edge_iterator.h; sourceTree = "<group>"; };
		9301D5B21B31781E00618CDF /* edge.h */ = {isa = PBXFileReference; fileEncoding = 4; lastKnownFileType = sourcecode.c.h; path = edge.h; sourceTree = "<group>"; };
		9301D5B31B31781E00618CDF /* library.h */ = {isa = PBXFileReference; fileEncoding = 4; lastKnownFileType = sourcecode.c.h; path = library.h; sourceTree = "<group>"; };
		9301D5B41B31781E00618CDF /* point.h */ = {isa = PBXFileReference; fileEncoding = 4; lastKnownFileType = sourcecode.c.h; path = point.h; sourceTree = "<group>"; };
		9301D5B51B31781E00618CDF /* result.cc */ = {isa = PBXFileReference; fileEncoding = 4; lastKnownFileType = sourcecode.cpp.cpp; path = result.cc; sourceTree = "<group>"; };
		9301D5B61B31781E00618CDF /* result.h */ = {isa = PBXFileReference; fileEncoding = 4; lastKnownFileType = sourcecode.c.h; path = result.h; sourceTree = "<group>"; };
		9301D5B71B31781E00618CDF /* triangle_iterator.cc */ = {isa = PBXFileReference; fileEncoding = 4; lastKnownFileType = sourcecode.cpp.cpp; path = triangle_iterator.cc; sourceTree = "<group>"; };
		9301D5B81B31781E00618CDF /* triangle_iterator.h */ = {isa = PBXFileReference; fileEncoding = 4; lastKnownFileType = sourcecode.c.h; path = triangle_iterator.h; sourceTree = "<group>"; };
		9301D5B91B31781E00618CDF /* triangulator.cc */ = {isa = PBXFileReference; fileEncoding = 4; lastKnownFileType = sourcecode.cpp.cpp; path = triangulator.cc; sourceTree = "<group>"; };
		9301D5BA1B31781E00618CDF /* triangulator.h */ = {isa = PBXFileReference; fileEncoding = 4; lastKnownFileType = sourcecode.c.h; path = triangulator.h; sourceTree = "<group>"; };
		9301D5BB1B31781E00618CDF /* types.h */ = {isa = PBXFileReference; fileEncoding = 4; lastKnownFileType = sourcecode.c.h; path = types.h; sourceTree = "<group>"; };
		9301D5BC1B31781E00618CDF /* voronoi_triangulator.cc */ = {isa = PBXFileReference; fileEncoding = 4; lastKnownFileType = sourcecode.cpp.cpp; path = voronoi_triangulator.cc; sourceTree = "<group>"; };
		9301D5BD1B31781E00618CDF /* voronoi_triangulator.h */ = {isa = PBXFileReference; fileEncoding = 4; lastKnownFileType = sourcecode.c.h; path = voronoi_triangulator.h; sourceTree = "<group>"; };
		930955031A4FB1E200D09023 /* product.xcconfig */ = {isa = PBXFileReference; lastKnownFileType = text.xcconfig; path = product.xcconfig; sourceTree = "<group>"; };
		930955061A4FB1E200D09023 /* test.xcconfig */ = {isa = PBXFileReference; lastKnownFileType = text.xcconfig; path = test.xcconfig; sourceTree = "<group>"; };
		9309550E1A4FB1FC00D09023 /* libtakram_triangulation.dylib */ = {isa = PBXFileReference; explicitFileType = "compiled.mach-o.dylib"; includeInIndex = 0; path = libtakram_triangulation.dylib; sourceTree = BUILT_PRODUCTS_DIR; };
		930959301A5062D400D09023 /* project_debug.xcconfig */ = {isa = PBXFileReference; lastKnownFileType = text.xcconfig; path = project_debug.xcconfig; sourceTree = "<group>"; };
		930959311A5062D400D09023 /* project_release.xcconfig */ = {isa = PBXFileReference; lastKnownFileType = text.xcconfig; path = project_release.xcconfig; sourceTree = "<group>"; };
		930959321A5062D400D09023 /* project.xcconfig */ = {isa = PBXFileReference; lastKnownFileType = text.xcconfig; path = project.xcconfig; sourceTree = "<group>"; };
		935639431B624E2B004C47E4 /* libtakram_triangulation.a */ = {isa = PBXFileReference; explicitFileType = archive.ar; includeInIndex = 0; path = libtakram_triangulation.a; sourceTree = BUILT_PRODUCTS_DIR; };
		93694DBE1B48D46A000A5277 /* triangulation.cc */ = {isa = PBXFileReference; fileEncoding = 4; lastKnownFileType = sourcecode.cpp.cpp; path = triangulation.cc; sourceTree = "<group>"; };
		93C6B51519B22F5500A1CF93 /* libtakram_triangulation.a */ = {isa = PBXFileReference; explicitFileType = archive.ar; includeInIndex = 0; path = libtakram_triangulation.a; sourceTree = BUILT_PRODUCTS_DIR; };
		93D7E39D1B2BCBEB006EA047 /* triangulation.h */ = {isa = PBXFileReference; fileEncoding = 4; lastKnownFileType = sourcecode.c.h; path = triangulation.h; sourceTree = "<group>"; };
		93E21F5E1B48EC47000A374A /* math.xcodeproj */ = {isa = PBXFileReference; lastKnownFileType = "wrapper.pb-project"; name = math.xcodeproj; path = "../takram-math/math.xcodeproj"; sourceTree = SOURCE_ROOT; };
		93F1B9F6180282B0002A5A5C /* takram_triangulation_test */ = {isa = PBXFileReference; explicitFileType = "compiled.mach-o.executable"; includeInIndex = 0; path = takram_triangulation_test; sourceTree = BUILT_PRODUCTS_DIR; };
		93F8F36C1A284949007DDBE4 /* triangle.c */ = {isa = PBXFileReference; fileEncoding = 4; lastKnownFileType = sourcecode.c.c; path = triangle.c; sourceTree = "<group>"; };
		93F8F36D1A284949007DDBE4 /* triangle.h */ = {isa = PBXFileReference; fileEncoding = 4; lastKnownFileType = sourcecode.c.h; path = triangle.h; sourceTree = "<group>"; };
/* End PBXFileReference section */

/* Begin PBXFrameworksBuildPhase section */
		9309550B1A4FB1FC00D09023 /* Frameworks */ = {
			isa = PBXFrameworksBuildPhase;
			buildActionMask = 2147483647;
			files = (
				935639E31B67220A004C47E4 /* libtakram_math.dylib in Frameworks */,
			);
			runOnlyForDeploymentPostprocessing = 0;
		};
		935639401B624E2B004C47E4 /* Frameworks */ = {
			isa = PBXFrameworksBuildPhase;
			buildActionMask = 2147483647;
			files = (
				935639E91B672215004C47E4 /* libtakram_math.a in Frameworks */,
			);
			runOnlyForDeploymentPostprocessing = 0;
		};
		93C6B51219B22F5500A1CF93 /* Frameworks */ = {
			isa = PBXFrameworksBuildPhase;
			buildActionMask = 2147483647;
			files = (
				935639E61B672210004C47E4 /* libtakram_math.a in Frameworks */,
			);
			runOnlyForDeploymentPostprocessing = 0;
		};
		93F1B9F3180282B0002A5A5C /* Frameworks */ = {
			isa = PBXFrameworksBuildPhase;
			buildActionMask = 2147483647;
			files = (
				930955321A4FB46600D09023 /* libtakram_triangulation.dylib in Frameworks */,
			);
			runOnlyForDeploymentPostprocessing = 0;
		};
/* End PBXFrameworksBuildPhase section */

/* Begin PBXGroup section */
		930955021A4FB1E200D09023 /* config */ = {
			isa = PBXGroup;
			children = (
				930959321A5062D400D09023 /* project.xcconfig */,
				930959301A5062D400D09023 /* project_debug.xcconfig */,
				930959311A5062D400D09023 /* project_release.xcconfig */,
				930955031A4FB1E200D09023 /* product.xcconfig */,
				930955061A4FB1E200D09023 /* test.xcconfig */,
			);
			path = config;
			sourceTree = "<group>";
		};
		935639CD1B6721A8004C47E4 /* Products */ = {
			isa = PBXGroup;
			children = (
				935639D41B6721A9004C47E4 /* libtakram_math.dylib */,
				935639D61B6721A9004C47E4 /* libtakram_math.a */,
				935639D81B6721A9004C47E4 /* libtakram_math.a */,
				935639DA1B6721A9004C47E4 /* takram_math_test */,
			);
			name = Products;
			sourceTree = "<group>";
		};
		93D7E38D1B2BCBEB006EA047 /* src */ = {
			isa = PBXGroup;
			children = (
				93D7E39D1B2BCBEB006EA047 /* triangulation.h */,
				93694DBE1B48D46A000A5277 /* triangulation.cc */,
				93D7E38E1B2BCBEB006EA047 /* triangulation */,
			);
			name = src;
			path = src/takram;
			sourceTree = "<group>";
		};
		93D7E38E1B2BCBEB006EA047 /* triangulation */ = {
			isa = PBXGroup;
			children = (
				9301D5B31B31781E00618CDF /* library.h */,
				9301D5BB1B31781E00618CDF /* types.h */,
				9301D5B61B31781E00618CDF /* result.h */,
				9301D5B51B31781E00618CDF /* result.cc */,
				9301D5B41B31781E00618CDF /* point.h */,
				9301D5B21B31781E00618CDF /* edge.h */,
				9301D5B11B31781E00618CDF /* edge_iterator.h */,
				9301D5B01B31781E00618CDF /* edge_iterator.cc */,
				9301D5B81B31781E00618CDF /* triangle_iterator.h */,
				9301D5B71B31781E00618CDF /* triangle_iterator.cc */,
				9301D5BA1B31781E00618CDF /* triangulator.h */,
				9301D5B91B31781E00618CDF /* triangulator.cc */,
				9301D5AF1B31781E00618CDF /* delaunay_triangulator.h */,
				9301D5AE1B31781E00618CDF /* delaunay_triangulator.cc */,
				9301D5BD1B31781E00618CDF /* voronoi_triangulator.h */,
				9301D5BC1B31781E00618CDF /* voronoi_triangulator.cc */,
			);
			path = triangulation;
			sourceTree = "<group>";
		};
		93F1BA03180283B9002A5A5C /* lib */ = {
			isa = PBXGroup;
			children = (
				93F8F3671A284949007DDBE4 /* triangle */,
			);
			name = lib;
			sourceTree = "<group>";
		};
		93F8AD6617C8B39800310877 = {
			isa = PBXGroup;
			children = (
				93D7E38D1B2BCBEB006EA047 /* src */,
				93F1BA03180283B9002A5A5C /* lib */,
				930955021A4FB1E200D09023 /* config */,
				93F8AD7017C8B39800310877 /* products */,
				93E21F5E1B48EC47000A374A /* math.xcodeproj */,
			);
			sourceTree = "<group>";
		};
		93F8AD7017C8B39800310877 /* products */ = {
			isa = PBXGroup;
			children = (
				9309550E1A4FB1FC00D09023 /* libtakram_triangulation.dylib */,
				93C6B51519B22F5500A1CF93 /* libtakram_triangulation.a */,
				935639431B624E2B004C47E4 /* libtakram_triangulation.a */,
				93F1B9F6180282B0002A5A5C /* takram_triangulation_test */,
			);
			name = products;
			sourceTree = "<group>";
		};
		93F8F3671A284949007DDBE4 /* triangle */ = {
			isa = PBXGroup;
			children = (
				93F8F36D1A284949007DDBE4 /* triangle.h */,
				93F8F36C1A284949007DDBE4 /* triangle.c */,
			);
			name = triangle;
			path = lib/triangle;
			sourceTree = "<group>";
		};
/* End PBXGroup section */

/* Begin PBXNativeTarget section */
		9309550D1A4FB1FC00D09023 /* triangulation_shared */ = {
			isa = PBXNativeTarget;
			buildConfigurationList = 930955161A4FB1FC00D09023 /* Build configuration list for PBXNativeTarget "triangulation_shared" */;
			buildPhases = (
				9309550A1A4FB1FC00D09023 /* Sources */,
				9309550B1A4FB1FC00D09023 /* Frameworks */,
				9397F5E01B6482C700DFEDC9 /* ShellScript */,
			);
			buildRules = (
			);
			dependencies = (
				935639DE1B672206004C47E4 /* PBXTargetDependency */,
			);
			name = triangulation_shared;
			productName = takram_triangulation;
			productReference = 9309550E1A4FB1FC00D09023 /* libtakram_triangulation.dylib */;
			productType = "com.apple.product-type.library.dynamic";
		};
		935639421B624E2B004C47E4 /* triangulation_ios */ = {
			isa = PBXNativeTarget;
			buildConfigurationList = 9356395D1B624E2B004C47E4 /* Build configuration list for PBXNativeTarget "triangulation_ios" */;
			buildPhases = (
				9356393F1B624E2B004C47E4 /* Sources */,
				935639401B624E2B004C47E4 /* Frameworks */,
				93B473CF1B64873800613FB6 /* ShellScript */,
			);
			buildRules = (
			);
			dependencies = (
				935639E81B672213004C47E4 /* PBXTargetDependency */,
			);
			name = triangulation_ios;
			productName = triangulation_ios;
			productReference = 935639431B624E2B004C47E4 /* libtakram_triangulation.a */;
			productType = "com.apple.product-type.library.static";
		};
		93C6B51419B22F5500A1CF93 /* triangulation_static */ = {
			isa = PBXNativeTarget;
			buildConfigurationList = 93C6B51619B22F5500A1CF93 /* Build configuration list for PBXNativeTarget "triangulation_static" */;
			buildPhases = (
				93C6B51119B22F5500A1CF93 /* Sources */,
				93C6B51219B22F5500A1CF93 /* Frameworks */,
				93B473CE1B64873300613FB6 /* ShellScript */,
			);
			buildRules = (
			);
			dependencies = (
				935639E51B67220E004C47E4 /* PBXTargetDependency */,
			);
			name = triangulation_static;
			productName = sgss_opaque;
			productReference = 93C6B51519B22F5500A1CF93 /* libtakram_triangulation.a */;
			productType = "com.apple.product-type.library.static";
		};
		93F1B9F5180282B0002A5A5C /* triangulation_test */ = {
			isa = PBXNativeTarget;
			buildConfigurationList = 93F1B9FE180282B1002A5A5C /* Build configuration list for PBXNativeTarget "triangulation_test" */;
			buildPhases = (
				93F1B9F2180282B0002A5A5C /* Sources */,
				93F1B9F3180282B0002A5A5C /* Frameworks */,
			);
			buildRules = (
			);
			dependencies = (
				930955311A4FB46000D09023 /* PBXTargetDependency */,
			);
			name = triangulation_test;
			productName = sgss_opaque_test;
			productReference = 93F1B9F6180282B0002A5A5C /* takram_triangulation_test */;
			productType = "com.apple.product-type.tool";
		};
/* End PBXNativeTarget section */

/* Begin PBXProject section */
		93F8AD6717C8B39800310877 /* Project object */ = {
			isa = PBXProject;
			attributes = {
				LastUpgradeCheck = 0710;
				ORGANIZATIONNAME = sgss;
				TargetAttributes = {
					9309550D1A4FB1FC00D09023 = {
						CreatedOnToolsVersion = 6.1;
					};
					935639421B624E2B004C47E4 = {
						CreatedOnToolsVersion = 6.4;
					};
				};
			};
			buildConfigurationList = 93F8AD6A17C8B39800310877 /* Build configuration list for PBXProject "triangulation" */;
			compatibilityVersion = "Xcode 3.2";
			developmentRegion = English;
			hasScannedForEncodings = 0;
			knownRegions = (
				en,
			);
			mainGroup = 93F8AD6617C8B39800310877;
			productRefGroup = 93F8AD7017C8B39800310877 /* products */;
			projectDirPath = "";
			projectReferences = (
				{
					ProductGroup = 935639CD1B6721A8004C47E4 /* Products */;
					ProjectRef = 93E21F5E1B48EC47000A374A /* math.xcodeproj */;
				},
			);
			projectRoot = "";
			targets = (
				9309550D1A4FB1FC00D09023 /* triangulation_shared */,
				93C6B51419B22F5500A1CF93 /* triangulation_static */,
				935639421B624E2B004C47E4 /* triangulation_ios */,
				93F1B9F5180282B0002A5A5C /* triangulation_test */,
			);
		};
/* End PBXProject section */

/* Begin PBXReferenceProxy section */
		935639D41B6721A9004C47E4 /* libtakram_math.dylib */ = {
			isa = PBXReferenceProxy;
			fileType = "compiled.mach-o.dylib";
			path = libtakram_math.dylib;
			remoteRef = 935639D31B6721A9004C47E4 /* PBXContainerItemProxy */;
			sourceTree = BUILT_PRODUCTS_DIR;
		};
		935639D61B6721A9004C47E4 /* libtakram_math.a */ = {
			isa = PBXReferenceProxy;
			fileType = archive.ar;
			path = libtakram_math.a;
			remoteRef = 935639D51B6721A9004C47E4 /* PBXContainerItemProxy */;
			sourceTree = BUILT_PRODUCTS_DIR;
		};
		935639D81B6721A9004C47E4 /* libtakram_math.a */ = {
			isa = PBXReferenceProxy;
			fileType = archive.ar;
			path = libtakram_math.a;
			remoteRef = 935639D71B6721A9004C47E4 /* PBXContainerItemProxy */;
			sourceTree = BUILT_PRODUCTS_DIR;
		};
		935639DA1B6721A9004C47E4 /* takram_math_test */ = {
			isa = PBXReferenceProxy;
			fileType = "compiled.mach-o.executable";
			path = takram_math_test;
			remoteRef = 935639D91B6721A9004C47E4 /* PBXContainerItemProxy */;
			sourceTree = BUILT_PRODUCTS_DIR;
		};
/* End PBXReferenceProxy section */

/* Begin PBXShellScriptBuildPhase section */
		9397F5E01B6482C700DFEDC9 /* ShellScript */ = {
			isa = PBXShellScriptBuildPhase;
			buildActionMask = 2147483647;
			files = (
			);
			inputPaths = (
			);
			outputPaths = (
			);
			runOnlyForDeploymentPostprocessing = 0;
			shellPath = /bin/sh;
			shellScript = "\"${PROJECT_DIR}/script/copy_headers.sh\" \"src\"";
		};
		93B473CE1B64873300613FB6 /* ShellScript */ = {
			isa = PBXShellScriptBuildPhase;
			buildActionMask = 2147483647;
			files = (
			);
			inputPaths = (
			);
			outputPaths = (
			);
			runOnlyForDeploymentPostprocessing = 0;
			shellPath = /bin/sh;
			shellScript = "\"${PROJECT_DIR}/script/copy_headers.sh\" \"src\"";
		};
		93B473CF1B64873800613FB6 /* ShellScript */ = {
			isa = PBXShellScriptBuildPhase;
			buildActionMask = 2147483647;
			files = (
			);
			inputPaths = (
			);
			outputPaths = (
			);
			runOnlyForDeploymentPostprocessing = 0;
			shellPath = /bin/sh;
			shellScript = "\"${PROJECT_DIR}/script/copy_headers.sh\" \"src\"";
		};
/* End PBXShellScriptBuildPhase section */

/* Begin PBXSourcesBuildPhase section */
		9309550A1A4FB1FC00D09023 /* Sources */ = {
			isa = PBXSourcesBuildPhase;
			buildActionMask = 2147483647;
			files = (
				9301D5CC1B31781E00618CDF /* result.cc in Sources */,
				9301D5D01B31781E00618CDF /* triangle_iterator.cc in Sources */,
				9301D5C21B31781E00618CDF /* edge_iterator.cc in Sources */,
				9301D5D41B31781E00618CDF /* triangulator.cc in Sources */,
				9301D5DA1B31781E00618CDF /* voronoi_triangulator.cc in Sources */,
				93694DBF1B48D46A000A5277 /* triangulation.cc in Sources */,
				9301D5BE1B31781E00618CDF /* delaunay_triangulator.cc in Sources */,
				930955281A4FB35A00D09023 /* triangle.c in Sources */,
			);
			runOnlyForDeploymentPostprocessing = 0;
		};
		9356393F1B624E2B004C47E4 /* Sources */ = {
			isa = PBXSourcesBuildPhase;
			buildActionMask = 2147483647;
			files = (
				935639611B624E69004C47E4 /* edge_iterator.cc in Sources */,
				9397F5B51B647E7A00DFEDC9 /* triangle.c in Sources */,
				935639631B624E69004C47E4 /* triangulator.cc in Sources */,
				935639641B624E69004C47E4 /* delaunay_triangulator.cc in Sources */,
				935639601B624E69004C47E4 /* result.cc in Sources */,
				935639651B624E69004C47E4 /* voronoi_triangulator.cc in Sources */,
				9356395F1B624E69004C47E4 /* triangulation.cc in Sources */,
				935639621B624E69004C47E4 /* triangle_iterator.cc in Sources */,
			);
			runOnlyForDeploymentPostprocessing = 0;
		};
		93C6B51119B22F5500A1CF93 /* Sources */ = {
			isa = PBXSourcesBuildPhase;
			buildActionMask = 2147483647;
			files = (
				9301D5CD1B31781E00618CDF /* result.cc in Sources */,
				9301D5D11B31781E00618CDF /* triangle_iterator.cc in Sources */,
				9301D5C31B31781E00618CDF /* edge_iterator.cc in Sources */,
				9301D5D51B31781E00618CDF /* triangulator.cc in Sources */,
				9301D5DB1B31781E00618CDF /* voronoi_triangulator.cc in Sources */,
				93694DC01B48D46A000A5277 /* triangulation.cc in Sources */,
				9301D5BF1B31781E00618CDF /* delaunay_triangulator.cc in Sources */,
				9309552A1A4FB36D00D09023 /* triangle.c in Sources */,
			);
			runOnlyForDeploymentPostprocessing = 0;
		};
		93F1B9F2180282B0002A5A5C /* Sources */ = {
			isa = PBXSourcesBuildPhase;
			buildActionMask = 2147483647;
			files = (
			);
			runOnlyForDeploymentPostprocessing = 0;
		};
/* End PBXSourcesBuildPhase section */

/* Begin PBXTargetDependency section */
		930955311A4FB46000D09023 /* PBXTargetDependency */ = {
			isa = PBXTargetDependency;
			target = 9309550D1A4FB1FC00D09023 /* triangulation_shared */;
			targetProxy = 930955301A4FB46000D09023 /* PBXContainerItemProxy */;
		};
		935639DE1B672206004C47E4 /* PBXTargetDependency */ = {
			isa = PBXTargetDependency;
			name = math_shared;
			targetProxy = 935639DD1B672206004C47E4 /* PBXContainerItemProxy */;
		};
		935639E51B67220E004C47E4 /* PBXTargetDependency */ = {
			isa = PBXTargetDependency;
			name = math_static;
			targetProxy = 935639E41B67220E004C47E4 /* PBXContainerItemProxy */;
		};
		935639E81B672213004C47E4 /* PBXTargetDependency */ = {
			isa = PBXTargetDependency;
			name = math_ios;
			targetProxy = 935639E71B672213004C47E4 /* PBXContainerItemProxy */;
		};
/* End PBXTargetDependency section */

/* Begin XCBuildConfiguration section */
		930955171A4FB1FC00D09023 /* Debug */ = {
			isa = XCBuildConfiguration;
			baseConfigurationReference = 930955031A4FB1E200D09023 /* product.xcconfig */;
			buildSettings = {
				DYLIB_COMPATIBILITY_VERSION = 1;
				DYLIB_CURRENT_VERSION = 1;
				EXECUTABLE_PREFIX = lib;
				INSTALL_PATH = "@rpath";
				PRODUCT_NAME = "takram_$(PROJECT_NAME)";
				SKIP_INSTALL = YES;
			};
			name = Debug;
		};
		930955181A4FB1FC00D09023 /* Release */ = {
			isa = XCBuildConfiguration;
			baseConfigurationReference = 930955031A4FB1E200D09023 /* product.xcconfig */;
			buildSettings = {
				DYLIB_COMPATIBILITY_VERSION = 1;
				DYLIB_CURRENT_VERSION = 1;
				EXECUTABLE_PREFIX = lib;
				INSTALL_PATH = "@rpath";
				PRODUCT_NAME = "takram_$(PROJECT_NAME)";
				SKIP_INSTALL = YES;
			};
			name = Release;
		};
		935639541B624E2B004C47E4 /* Debug */ = {
			isa = XCBuildConfiguration;
			baseConfigurationReference = 930955031A4FB1E200D09023 /* product.xcconfig */;
			buildSettings = {
				DYLIB_COMPATIBILITY_VERSION = 1;
				DYLIB_CURRENT_VERSION = 1;
				EXECUTABLE_PREFIX = lib;
				PRODUCT_NAME = "takram_$(PROJECT_NAME)";
				SDKROOT = iphoneos;
			};
			name = Debug;
		};
		935639551B624E2B004C47E4 /* Release */ = {
			isa = XCBuildConfiguration;
			baseConfigurationReference = 930955031A4FB1E200D09023 /* product.xcconfig */;
			buildSettings = {
				DYLIB_COMPATIBILITY_VERSION = 1;
				DYLIB_CURRENT_VERSION = 1;
				EXECUTABLE_PREFIX = lib;
				PRODUCT_NAME = "takram_$(PROJECT_NAME)";
				SDKROOT = iphoneos;
			};
			name = Release;
		};
		93C6B51719B22F5500A1CF93 /* Debug */ = {
			isa = XCBuildConfiguration;
			baseConfigurationReference = 930955031A4FB1E200D09023 /* product.xcconfig */;
			buildSettings = {
				DYLIB_COMPATIBILITY_VERSION = 1;
				DYLIB_CURRENT_VERSION = 1;
				EXECUTABLE_PREFIX = lib;
				PRODUCT_NAME = "takram_$(PROJECT_NAME)";
			};
			name = Debug;
		};
		93C6B51819B22F5500A1CF93 /* Release */ = {
			isa = XCBuildConfiguration;
			baseConfigurationReference = 930955031A4FB1E200D09023 /* product.xcconfig */;
			buildSettings = {
				DYLIB_COMPATIBILITY_VERSION = 1;
				DYLIB_CURRENT_VERSION = 1;
				EXECUTABLE_PREFIX = lib;
				PRODUCT_NAME = "takram_$(PROJECT_NAME)";
			};
			name = Release;
		};
		93F1B9FC180282B1002A5A5C /* Debug */ = {
			isa = XCBuildConfiguration;
			baseConfigurationReference = 930955061A4FB1E200D09023 /* test.xcconfig */;
			buildSettings = {
				LD_RUNPATH_SEARCH_PATHS = "@executable_path/lib";
				PRODUCT_NAME = "takram_$(PROJECT_NAME)_test";
			};
			name = Debug;
		};
		93F1B9FD180282B1002A5A5C /* Release */ = {
			isa = XCBuildConfiguration;
			baseConfigurationReference = 930955061A4FB1E200D09023 /* test.xcconfig */;
			buildSettings = {
				LD_RUNPATH_SEARCH_PATHS = "@executable_path/lib";
				PRODUCT_NAME = "takram_$(PROJECT_NAME)_test";
			};
			name = Release;
		};
		93F8AD7617C8B39800310877 /* Debug */ = {
			isa = XCBuildConfiguration;
			baseConfigurationReference = 930959301A5062D400D09023 /* project_debug.xcconfig */;
			buildSettings = {
				ENABLE_TESTABILITY = YES;
				ONLY_ACTIVE_ARCH = YES;
				SDKROOT = macosx;
			};
			name = Debug;
		};
		93F8AD7717C8B39800310877 /* Release */ = {
			isa = XCBuildConfiguration;
			baseConfigurationReference = 930959311A5062D400D09023 /* project_release.xcconfig */;
			buildSettings = {
				SDKROOT = macosx;
			};
			name = Release;
		};
/* End XCBuildConfiguration section */

/* Begin XCConfigurationList section */
		930955161A4FB1FC00D09023 /* Build configuration list for PBXNativeTarget "triangulation_shared" */ = {
			isa = XCConfigurationList;
			buildConfigurations = (
				930955171A4FB1FC00D09023 /* Debug */,
				930955181A4FB1FC00D09023 /* Release */,
			);
			defaultConfigurationIsVisible = 0;
			defaultConfigurationName = Release;
		};
		9356395D1B624E2B004C47E4 /* Build configuration list for PBXNativeTarget "triangulation_ios" */ = {
			isa = XCConfigurationList;
			buildConfigurations = (
				935639541B624E2B004C47E4 /* Debug */,
				935639551B624E2B004C47E4 /* Release */,
			);
			defaultConfigurationIsVisible = 0;
			defaultConfigurationName = Release;
		};
		93C6B51619B22F5500A1CF93 /* Build configuration list for PBXNativeTarget "triangulation_static" */ = {
			isa = XCConfigurationList;
			buildConfigurations = (
				93C6B51719B22F5500A1CF93 /* Debug */,
				93C6B51819B22F5500A1CF93 /* Release */,
			);
			defaultConfigurationIsVisible = 0;
			defaultConfigurationName = Release;
		};
		93F1B9FE180282B1002A5A5C /* Build configuration list for PBXNativeTarget "triangulation_test" */ = {
			isa = XCConfigurationList;
			buildConfigurations = (
				93F1B9FC180282B1002A5A5C /* Debug */,
				93F1B9FD180282B1002A5A5C /* Release */,
			);
			defaultConfigurationIsVisible = 0;
			defaultConfigurationName = Release;
		};
		93F8AD6A17C8B39800310877 /* Build configuration list for PBXProject "triangulation" */ = {
			isa = XCConfigurationList;
			buildConfigurations = (
				93F8AD7617C8B39800310877 /* Debug */,
				93F8AD7717C8B39800310877 /* Release */,
			);
			defaultConfigurationIsVisible = 0;
			defaultConfigurationName = Release;
		};
/* End XCConfigurationList section */
	};
	rootObject = 93F8AD6717C8B39800310877 /* Project object */;
}
