// !$*UTF8*$!
{
	archiveVersion = 1;
	classes = {
	};
	objectVersion = 46;
	objects = {

/* Begin PBXBuildFile section */
		93056DD51A22099400C38925 /* triangulation.h in Headers */ = {isa = PBXBuildFile; fileRef = 93056DD21A22099400C38925 /* triangulation.h */; };
		93056DDC1A220FAE00C38925 /* triangle_iterator.cc in Sources */ = {isa = PBXBuildFile; fileRef = 93056DDB1A220FAE00C38925 /* triangle_iterator.cc */; };
		93056DDD1A220FAE00C38925 /* triangle_iterator.cc in Sources */ = {isa = PBXBuildFile; fileRef = 93056DDB1A220FAE00C38925 /* triangle_iterator.cc */; };
		93056DE01A22102900C38925 /* triangulation.cc in Sources */ = {isa = PBXBuildFile; fileRef = 93056DDE1A22102900C38925 /* triangulation.cc */; };
		93056DE11A22102900C38925 /* triangulation.cc in Sources */ = {isa = PBXBuildFile; fileRef = 93056DDE1A22102900C38925 /* triangulation.cc */; };
		93056DE21A22102900C38925 /* triangulation.h in Headers */ = {isa = PBXBuildFile; fileRef = 93056DDF1A22102900C38925 /* triangulation.h */; };
		93056DE61A222CC000C38925 /* triangulation_test.cc in Sources */ = {isa = PBXBuildFile; fileRef = 93056DE51A222CC000C38925 /* triangulation_test.cc */; };
		93F1BA06180283C8002A5A5C /* libgtest_main.a in Frameworks */ = {isa = PBXBuildFile; fileRef = 93F1BA04180283C8002A5A5C /* libgtest_main.a */; };
		93F1BA07180283C8002A5A5C /* libgtest.a in Frameworks */ = {isa = PBXBuildFile; fileRef = 93F1BA05180283C8002A5A5C /* libgtest.a */; };
		93F8F3651A28484C007DDBE4 /* libglog.a in Frameworks */ = {isa = PBXBuildFile; fileRef = 93F8F3641A284843007DDBE4 /* libglog.a */; };
		93F8F3711A284949007DDBE4 /* triangle.c in Sources */ = {isa = PBXBuildFile; fileRef = 93F8F36C1A284949007DDBE4 /* triangle.c */; settings = {COMPILER_FLAGS = "-Wno-missing-prototypes -Wno-uninitialized -Wno-conditional-uninitialized"; }; };
		93F8F3721A284949007DDBE4 /* triangle.h in Headers */ = {isa = PBXBuildFile; fileRef = 93F8F36D1A284949007DDBE4 /* triangle.h */; };
/* End PBXBuildFile section */

/* Begin PBXFileReference section */
		93056DD21A22099400C38925 /* triangulation.h */ = {isa = PBXFileReference; fileEncoding = 4; lastKnownFileType = sourcecode.c.h; path = triangulation.h; sourceTree = "<group>"; };
		93056DD81A220B6700C38925 /* triangle.h */ = {isa = PBXFileReference; lastKnownFileType = sourcecode.c.h; path = triangle.h; sourceTree = "<group>"; };
		93056DD91A220B6F00C38925 /* point.h */ = {isa = PBXFileReference; lastKnownFileType = sourcecode.c.h; path = point.h; sourceTree = "<group>"; };
		93056DDA1A220F9C00C38925 /* triangle_iterator.h */ = {isa = PBXFileReference; lastKnownFileType = sourcecode.c.h; path = triangle_iterator.h; sourceTree = "<group>"; };
		93056DDB1A220FAE00C38925 /* triangle_iterator.cc */ = {isa = PBXFileReference; fileEncoding = 4; lastKnownFileType = sourcecode.cpp.cpp; path = triangle_iterator.cc; sourceTree = "<group>"; };
		93056DDE1A22102900C38925 /* triangulation.cc */ = {isa = PBXFileReference; fileEncoding = 4; lastKnownFileType = sourcecode.cpp.cpp; path = triangulation.cc; sourceTree = "<group>"; };
		93056DDF1A22102900C38925 /* triangulation.h */ = {isa = PBXFileReference; fileEncoding = 4; lastKnownFileType = sourcecode.c.h; path = triangulation.h; sourceTree = "<group>"; };
		93056DE51A222CC000C38925 /* triangulation_test.cc */ = {isa = PBXFileReference; fileEncoding = 4; lastKnownFileType = sourcecode.cpp.cpp; name = triangulation_test.cc; path = test/triangulation/triangulation_test.cc; sourceTree = SOURCE_ROOT; };
		93C6B51519B22F5500A1CF93 /* libtakram_triangulation.a */ = {isa = PBXFileReference; explicitFileType = archive.ar; includeInIndex = 0; path = libtakram_triangulation.a; sourceTree = BUILT_PRODUCTS_DIR; };
		93F1B9F6180282B0002A5A5C /* takram_triangulation_test */ = {isa = PBXFileReference; explicitFileType = "compiled.mach-o.executable"; includeInIndex = 0; path = takram_triangulation_test; sourceTree = BUILT_PRODUCTS_DIR; };
		93F1BA04180283C8002A5A5C /* libgtest_main.a */ = {isa = PBXFileReference; lastKnownFileType = archive.ar; name = libgtest_main.a; path = build/gtest/libgtest_main.a; sourceTree = "<group>"; };
		93F1BA05180283C8002A5A5C /* libgtest.a */ = {isa = PBXFileReference; lastKnownFileType = archive.ar; name = libgtest.a; path = build/gtest/libgtest.a; sourceTree = "<group>"; };
		93F8F3641A284843007DDBE4 /* libglog.a */ = {isa = PBXFileReference; lastKnownFileType = archive.ar; name = libglog.a; path = build/glog/lib/libglog.a; sourceTree = "<group>"; };
		93F8F36C1A284949007DDBE4 /* triangle.c */ = {isa = PBXFileReference; fileEncoding = 4; lastKnownFileType = sourcecode.c.c; path = triangle.c; sourceTree = "<group>"; };
		93F8F36D1A284949007DDBE4 /* triangle.h */ = {isa = PBXFileReference; fileEncoding = 4; lastKnownFileType = sourcecode.c.h; path = triangle.h; sourceTree = "<group>"; };
/* End PBXFileReference section */

/* Begin PBXFrameworksBuildPhase section */
		93C6B51219B22F5500A1CF93 /* Frameworks */ = {
			isa = PBXFrameworksBuildPhase;
			buildActionMask = 2147483647;
			files = (
				93F8F3651A28484C007DDBE4 /* libglog.a in Frameworks */,
			);
			runOnlyForDeploymentPostprocessing = 0;
		};
		93F1B9F3180282B0002A5A5C /* Frameworks */ = {
			isa = PBXFrameworksBuildPhase;
			buildActionMask = 2147483647;
			files = (
				93F1BA06180283C8002A5A5C /* libgtest_main.a in Frameworks */,
				93F1BA07180283C8002A5A5C /* libgtest.a in Frameworks */,
			);
			runOnlyForDeploymentPostprocessing = 0;
		};
/* End PBXFrameworksBuildPhase section */

/* Begin PBXGroup section */
		93056DD71A220B5C00C38925 /* triangulation */ = {
			isa = PBXGroup;
			children = (
				93056DD91A220B6F00C38925 /* point.h */,
				93056DD81A220B6700C38925 /* triangle.h */,
				93056DDA1A220F9C00C38925 /* triangle_iterator.h */,
				93056DDB1A220FAE00C38925 /* triangle_iterator.cc */,
				93056DDF1A22102900C38925 /* triangulation.h */,
				93056DDE1A22102900C38925 /* triangulation.cc */,
				93056DE51A222CC000C38925 /* triangulation_test.cc */,
			);
			path = triangulation;
			sourceTree = "<group>";
		};
		93F1BA03180283B9002A5A5C /* libraries */ = {
			isa = PBXGroup;
			children = (
				93F8F3671A284949007DDBE4 /* triangle */,
				93F8F3641A284843007DDBE4 /* libglog.a */,
				93F1BA04180283C8002A5A5C /* libgtest_main.a */,
				93F1BA05180283C8002A5A5C /* libgtest.a */,
			);
			name = libraries;
			sourceTree = "<group>";
		};
		93F8AD6617C8B39800310877 = {
			isa = PBXGroup;
			children = (
				93F8AD7117C8B39800310877 /* sources */,
				93F1BA03180283B9002A5A5C /* libraries */,
				93F8AD7017C8B39800310877 /* products */,
			);
			sourceTree = "<group>";
		};
		93F8AD7017C8B39800310877 /* products */ = {
			isa = PBXGroup;
			children = (
				93C6B51519B22F5500A1CF93 /* libtakram_triangulation.a */,
				93F1B9F6180282B0002A5A5C /* takram_triangulation_test */,
			);
			name = products;
			sourceTree = "<group>";
		};
		93F8AD7117C8B39800310877 /* sources */ = {
			isa = PBXGroup;
			children = (
				93056DD21A22099400C38925 /* triangulation.h */,
				93056DD71A220B5C00C38925 /* triangulation */,
			);
			name = sources;
			path = src/takram;
			sourceTree = "<group>";
		};
		93F8F3671A284949007DDBE4 /* triangle */ = {
			isa = PBXGroup;
			children = (
				93F8F36D1A284949007DDBE4 /* triangle.h */,
				93F8F36C1A284949007DDBE4 /* triangle.c */,
			);
			name = triangle;
			path = lib/triangle;
			sourceTree = "<group>";
		};
/* End PBXGroup section */

/* Begin PBXHeadersBuildPhase section */
		93C6B51319B22F5500A1CF93 /* Headers */ = {
			isa = PBXHeadersBuildPhase;
			buildActionMask = 2147483647;
			files = (
				93F8F3721A284949007DDBE4 /* triangle.h in Headers */,
				93056DE21A22102900C38925 /* triangulation.h in Headers */,
				93056DD51A22099400C38925 /* triangulation.h in Headers */,
			);
			runOnlyForDeploymentPostprocessing = 0;
		};
/* End PBXHeadersBuildPhase section */

/* Begin PBXNativeTarget section */
		93C6B51419B22F5500A1CF93 /* takram_triangulation */ = {
			isa = PBXNativeTarget;
			buildConfigurationList = 93C6B51619B22F5500A1CF93 /* Build configuration list for PBXNativeTarget "takram_triangulation" */;
			buildPhases = (
				93C6B51119B22F5500A1CF93 /* Sources */,
				93C6B51219B22F5500A1CF93 /* Frameworks */,
				93C6B51319B22F5500A1CF93 /* Headers */,
			);
			buildRules = (
			);
			dependencies = (
			);
			name = takram_triangulation;
			productName = sgss_opaque;
			productReference = 93C6B51519B22F5500A1CF93 /* libtakram_triangulation.a */;
			productType = "com.apple.product-type.library.static";
		};
		93F1B9F5180282B0002A5A5C /* takram_triangulation_test */ = {
			isa = PBXNativeTarget;
			buildConfigurationList = 93F1B9FE180282B1002A5A5C /* Build configuration list for PBXNativeTarget "takram_triangulation_test" */;
			buildPhases = (
				93F1B9F2180282B0002A5A5C /* Sources */,
				93F1B9F3180282B0002A5A5C /* Frameworks */,
			);
			buildRules = (
			);
			dependencies = (
			);
			name = takram_triangulation_test;
			productName = sgss_opaque_test;
			productReference = 93F1B9F6180282B0002A5A5C /* takram_triangulation_test */;
			productType = "com.apple.product-type.tool";
		};
/* End PBXNativeTarget section */

/* Begin PBXProject section */
		93F8AD6717C8B39800310877 /* Project object */ = {
			isa = PBXProject;
			attributes = {
				LastUpgradeCheck = 0610;
				ORGANIZATIONNAME = sgss;
			};
			buildConfigurationList = 93F8AD6A17C8B39800310877 /* Build configuration list for PBXProject "takram_triangulation" */;
			compatibilityVersion = "Xcode 3.2";
			developmentRegion = English;
			hasScannedForEncodings = 0;
			knownRegions = (
				en,
			);
			mainGroup = 93F8AD6617C8B39800310877;
			productRefGroup = 93F8AD7017C8B39800310877 /* products */;
			projectDirPath = "";
			projectRoot = "";
			targets = (
				93C6B51419B22F5500A1CF93 /* takram_triangulation */,
				93F1B9F5180282B0002A5A5C /* takram_triangulation_test */,
			);
		};
/* End PBXProject section */

/* Begin PBXSourcesBuildPhase section */
		93C6B51119B22F5500A1CF93 /* Sources */ = {
			isa = PBXSourcesBuildPhase;
			buildActionMask = 2147483647;
			files = (
				93F8F3711A284949007DDBE4 /* triangle.c in Sources */,
				93056DE01A22102900C38925 /* triangulation.cc in Sources */,
				93056DDC1A220FAE00C38925 /* triangle_iterator.cc in Sources */,
			);
			runOnlyForDeploymentPostprocessing = 0;
		};
		93F1B9F2180282B0002A5A5C /* Sources */ = {
			isa = PBXSourcesBuildPhase;
			buildActionMask = 2147483647;
			files = (
				93056DE11A22102900C38925 /* triangulation.cc in Sources */,
				93056DE61A222CC000C38925 /* triangulation_test.cc in Sources */,
				93056DDD1A220FAE00C38925 /* triangle_iterator.cc in Sources */,
			);
			runOnlyForDeploymentPostprocessing = 0;
		};
/* End PBXSourcesBuildPhase section */

/* Begin XCBuildConfiguration section */
		93C6B51719B22F5500A1CF93 /* Debug */ = {
			isa = XCBuildConfiguration;
			buildSettings = {
				COMBINE_HIDPI_IMAGES = YES;
				DYLIB_COMPATIBILITY_VERSION = 1;
				DYLIB_CURRENT_VERSION = 1;
				EXECUTABLE_PREFIX = lib;
				PRODUCT_NAME = takram_triangulation;
			};
			name = Debug;
		};
		93C6B51819B22F5500A1CF93 /* Release */ = {
			isa = XCBuildConfiguration;
			buildSettings = {
				COMBINE_HIDPI_IMAGES = YES;
				DYLIB_COMPATIBILITY_VERSION = 1;
				DYLIB_CURRENT_VERSION = 1;
				EXECUTABLE_PREFIX = lib;
				PRODUCT_NAME = takram_triangulation;
			};
			name = Release;
		};
		93F1B9FC180282B1002A5A5C /* Debug */ = {
			isa = XCBuildConfiguration;
			buildSettings = {
				HEADER_SEARCH_PATHS = (
					"$(inherited)",
					"\"$(SRCROOT)/gtest/include\"",
				);
				LD_RUNPATH_SEARCH_PATHS = "@executable_path/lib";
				LIBRARY_SEARCH_PATHS = (
					"$(inherited)",
					"\"$(SRCROOT)/build/gtest\"",
				);
				PRODUCT_NAME = takram_triangulation_test;
			};
			name = Debug;
		};
		93F1B9FD180282B1002A5A5C /* Release */ = {
			isa = XCBuildConfiguration;
			buildSettings = {
				HEADER_SEARCH_PATHS = (
					"$(inherited)",
					"\"$(SRCROOT)/gtest/include\"",
				);
				LD_RUNPATH_SEARCH_PATHS = "@executable_path/lib";
				LIBRARY_SEARCH_PATHS = (
					"$(inherited)",
					"\"$(SRCROOT)/build/gtest\"",
				);
				PRODUCT_NAME = takram_triangulation_test;
			};
			name = Release;
		};
		93F8AD7617C8B39800310877 /* Debug */ = {
			isa = XCBuildConfiguration;
			buildSettings = {
				ALWAYS_SEARCH_USER_PATHS = NO;
				CLANG_CXX_LANGUAGE_STANDARD = "gnu++0x";
				CLANG_CXX_LIBRARY = "libc++";
				CLANG_ENABLE_MODULES = YES;
				CLANG_ENABLE_OBJC_ARC = NO;
				CLANG_WARN_ASSIGN_ENUM = NO;
				CLANG_WARN_BOOL_CONVERSION = YES;
				CLANG_WARN_CONSTANT_CONVERSION = YES;
				CLANG_WARN_CXX0X_EXTENSIONS = YES;
				CLANG_WARN_DEPRECATED_OBJC_IMPLEMENTATIONS = NO;
				CLANG_WARN_DIRECT_OBJC_ISA_USAGE = YES_ERROR;
				CLANG_WARN_DOCUMENTATION_COMMENTS = NO;
				CLANG_WARN_EMPTY_BODY = YES;
				CLANG_WARN_ENUM_CONVERSION = YES;
				CLANG_WARN_IMPLICIT_SIGN_CONVERSION = NO;
				CLANG_WARN_INT_CONVERSION = YES;
				CLANG_WARN_OBJC_IMPLICIT_ATOMIC_PROPERTIES = YES;
				CLANG_WARN_OBJC_MISSING_PROPERTY_SYNTHESIS = NO;
				CLANG_WARN_OBJC_ROOT_CLASS = YES_ERROR;
				CLANG_WARN_SUSPICIOUS_IMPLICIT_CONVERSION = NO;
				CLANG_WARN_UNREACHABLE_CODE = YES;
				CLANG_WARN__DUPLICATE_METHOD_MATCH = YES;
				CLANG_WARN__EXIT_TIME_DESTRUCTORS = NO;
				COPY_PHASE_STRIP = NO;
				ENABLE_STRICT_OBJC_MSGSEND = YES;
				GCC_C_LANGUAGE_STANDARD = gnu99;
				GCC_DYNAMIC_NO_PIC = NO;
				GCC_INLINES_ARE_PRIVATE_EXTERN = NO;
				GCC_OPTIMIZATION_LEVEL = 0;
				GCC_PREPROCESSOR_DEFINITIONS = (
					"$(inherited)",
					"DEBUG=1",
					"TRILIBRARY=1",
					"ANSI_DECLARATORS=1",
					"REAL=double",
				);
				GCC_SYMBOLS_PRIVATE_EXTERN = NO;
				GCC_TREAT_IMPLICIT_FUNCTION_DECLARATIONS_AS_ERRORS = NO;
				GCC_TREAT_INCOMPATIBLE_POINTER_TYPE_WARNINGS_AS_ERRORS = NO;
				GCC_WARN_64_TO_32_BIT_CONVERSION = NO;
				GCC_WARN_ABOUT_DEPRECATED_FUNCTIONS = YES;
				GCC_WARN_ABOUT_INVALID_OFFSETOF_MACRO = YES;
				GCC_WARN_ABOUT_MISSING_FIELD_INITIALIZERS = YES;
				GCC_WARN_ABOUT_MISSING_NEWLINE = NO;
				GCC_WARN_ABOUT_MISSING_PROTOTYPES = YES;
				GCC_WARN_ABOUT_POINTER_SIGNEDNESS = YES;
				GCC_WARN_ABOUT_RETURN_TYPE = YES_ERROR;
				GCC_WARN_ALLOW_INCOMPLETE_PROTOCOL = YES;
				GCC_WARN_CHECK_SWITCH_STATEMENTS = YES;
				GCC_WARN_FOUR_CHARACTER_CONSTANTS = YES;
				GCC_WARN_HIDDEN_VIRTUAL_FUNCTIONS = NO;
				GCC_WARN_INITIALIZER_NOT_FULLY_BRACKETED = YES;
				GCC_WARN_MISSING_PARENTHESES = YES;
				GCC_WARN_MULTIPLE_DEFINITION_TYPES_FOR_SELECTOR = NO;
				GCC_WARN_NON_VIRTUAL_DESTRUCTOR = NO;
				GCC_WARN_SHADOW = NO;
				GCC_WARN_SIGN_COMPARE = NO;
				GCC_WARN_STRICT_SELECTOR_MATCH = NO;
				GCC_WARN_TYPECHECK_CALLS_TO_PRINTF = YES;
				GCC_WARN_UNDECLARED_SELECTOR = YES;
				GCC_WARN_UNINITIALIZED_AUTOS = YES_AGGRESSIVE;
				GCC_WARN_UNKNOWN_PRAGMAS = NO;
				GCC_WARN_UNUSED_FUNCTION = YES;
				GCC_WARN_UNUSED_LABEL = YES;
				GCC_WARN_UNUSED_PARAMETER = NO;
				GCC_WARN_UNUSED_VALUE = YES;
				GCC_WARN_UNUSED_VARIABLE = YES;
				HEADER_SEARCH_PATHS = (
					"$(inherited)",
					"\"$(SRCROOT)/include\"",
					"\"$(SRCROOT)/src\"",
					"\"$(SRCROOT)/lib\"",
					"\"$(SRCROOT)/build/glog/include\"",
				);
				LIBRARY_SEARCH_PATHS = (
					"$(inherited)",
					"\"$(SRCROOT)/build/glog/lib\"",
				);
				MACOSX_DEPLOYMENT_TARGET = 10.9;
				ONLY_ACTIVE_ARCH = YES;
				SDKROOT = macosx;
				SYMROOT = build;
				USE_HEADERMAP = NO;
			};
			name = Debug;
		};
		93F8AD7717C8B39800310877 /* Release */ = {
			isa = XCBuildConfiguration;
			buildSettings = {
				ALWAYS_SEARCH_USER_PATHS = NO;
				CLANG_CXX_LANGUAGE_STANDARD = "gnu++0x";
				CLANG_CXX_LIBRARY = "libc++";
				CLANG_ENABLE_MODULES = YES;
				CLANG_ENABLE_OBJC_ARC = NO;
				CLANG_WARN_ASSIGN_ENUM = NO;
				CLANG_WARN_BOOL_CONVERSION = YES;
				CLANG_WARN_CONSTANT_CONVERSION = YES;
				CLANG_WARN_CXX0X_EXTENSIONS = YES;
				CLANG_WARN_DEPRECATED_OBJC_IMPLEMENTATIONS = NO;
				CLANG_WARN_DIRECT_OBJC_ISA_USAGE = YES_ERROR;
				CLANG_WARN_DOCUMENTATION_COMMENTS = NO;
				CLANG_WARN_EMPTY_BODY = YES;
				CLANG_WARN_ENUM_CONVERSION = YES;
				CLANG_WARN_IMPLICIT_SIGN_CONVERSION = NO;
				CLANG_WARN_INT_CONVERSION = YES;
				CLANG_WARN_OBJC_IMPLICIT_ATOMIC_PROPERTIES = YES;
				CLANG_WARN_OBJC_MISSING_PROPERTY_SYNTHESIS = NO;
				CLANG_WARN_OBJC_ROOT_CLASS = YES_ERROR;
				CLANG_WARN_SUSPICIOUS_IMPLICIT_CONVERSION = NO;
				CLANG_WARN_UNREACHABLE_CODE = YES;
				CLANG_WARN__DUPLICATE_METHOD_MATCH = YES;
				CLANG_WARN__EXIT_TIME_DESTRUCTORS = NO;
				COPY_PHASE_STRIP = YES;
				DEBUG_INFORMATION_FORMAT = "dwarf-with-dsym";
				ENABLE_NS_ASSERTIONS = NO;
				ENABLE_STRICT_OBJC_MSGSEND = YES;
				GCC_C_LANGUAGE_STANDARD = gnu99;
				GCC_INLINES_ARE_PRIVATE_EXTERN = NO;
				GCC_OPTIMIZATION_LEVEL = s;
				GCC_PREPROCESSOR_DEFINITIONS = (
					"TRILIBRARY=1",
					"ANSI_DECLARATORS=1",
					"REAL=double",
				);
				GCC_SYMBOLS_PRIVATE_EXTERN = NO;
				GCC_TREAT_IMPLICIT_FUNCTION_DECLARATIONS_AS_ERRORS = NO;
				GCC_TREAT_INCOMPATIBLE_POINTER_TYPE_WARNINGS_AS_ERRORS = NO;
				GCC_WARN_64_TO_32_BIT_CONVERSION = NO;
				GCC_WARN_ABOUT_DEPRECATED_FUNCTIONS = YES;
				GCC_WARN_ABOUT_INVALID_OFFSETOF_MACRO = YES;
				GCC_WARN_ABOUT_MISSING_FIELD_INITIALIZERS = YES;
				GCC_WARN_ABOUT_MISSING_NEWLINE = NO;
				GCC_WARN_ABOUT_MISSING_PROTOTYPES = YES;
				GCC_WARN_ABOUT_POINTER_SIGNEDNESS = YES;
				GCC_WARN_ABOUT_RETURN_TYPE = YES_ERROR;
				GCC_WARN_ALLOW_INCOMPLETE_PROTOCOL = YES;
				GCC_WARN_CHECK_SWITCH_STATEMENTS = YES;
				GCC_WARN_FOUR_CHARACTER_CONSTANTS = YES;
				GCC_WARN_HIDDEN_VIRTUAL_FUNCTIONS = NO;
				GCC_WARN_INITIALIZER_NOT_FULLY_BRACKETED = YES;
				GCC_WARN_MISSING_PARENTHESES = YES;
				GCC_WARN_MULTIPLE_DEFINITION_TYPES_FOR_SELECTOR = NO;
				GCC_WARN_NON_VIRTUAL_DESTRUCTOR = NO;
				GCC_WARN_SHADOW = NO;
				GCC_WARN_SIGN_COMPARE = NO;
				GCC_WARN_STRICT_SELECTOR_MATCH = NO;
				GCC_WARN_TYPECHECK_CALLS_TO_PRINTF = YES;
				GCC_WARN_UNDECLARED_SELECTOR = YES;
				GCC_WARN_UNINITIALIZED_AUTOS = YES_AGGRESSIVE;
				GCC_WARN_UNKNOWN_PRAGMAS = NO;
				GCC_WARN_UNUSED_FUNCTION = YES;
				GCC_WARN_UNUSED_LABEL = YES;
				GCC_WARN_UNUSED_PARAMETER = NO;
				GCC_WARN_UNUSED_VALUE = YES;
				GCC_WARN_UNUSED_VARIABLE = YES;
				HEADER_SEARCH_PATHS = (
					"$(inherited)",
					"\"$(SRCROOT)/include\"",
					"\"$(SRCROOT)/src\"",
					"\"$(SRCROOT)/lib\"",
					"\"$(SRCROOT)/build/glog/include\"",
				);
				LIBRARY_SEARCH_PATHS = (
					"$(inherited)",
					"\"$(SRCROOT)/build/glog/lib\"",
				);
				MACOSX_DEPLOYMENT_TARGET = 10.9;
				ONLY_ACTIVE_ARCH = NO;
				SDKROOT = macosx;
				SYMROOT = build;
				USE_HEADERMAP = NO;
			};
			name = Release;
		};
/* End XCBuildConfiguration section */

/* Begin XCConfigurationList section */
		93C6B51619B22F5500A1CF93 /* Build configuration list for PBXNativeTarget "takram_triangulation" */ = {
			isa = XCConfigurationList;
			buildConfigurations = (
				93C6B51719B22F5500A1CF93 /* Debug */,
				93C6B51819B22F5500A1CF93 /* Release */,
			);
			defaultConfigurationIsVisible = 0;
			defaultConfigurationName = Release;
		};
		93F1B9FE180282B1002A5A5C /* Build configuration list for PBXNativeTarget "takram_triangulation_test" */ = {
			isa = XCConfigurationList;
			buildConfigurations = (
				93F1B9FC180282B1002A5A5C /* Debug */,
				93F1B9FD180282B1002A5A5C /* Release */,
			);
			defaultConfigurationIsVisible = 0;
			defaultConfigurationName = Release;
		};
		93F8AD6A17C8B39800310877 /* Build configuration list for PBXProject "takram_triangulation" */ = {
			isa = XCConfigurationList;
			buildConfigurations = (
				93F8AD7617C8B39800310877 /* Debug */,
				93F8AD7717C8B39800310877 /* Release */,
			);
			defaultConfigurationIsVisible = 0;
			defaultConfigurationName = Release;
		};
/* End XCConfigurationList section */
	};
	rootObject = 93F8AD6717C8B39800310877 /* Project object */;
}
