// !$*UTF8*$!
{
	archiveVersion = 1;
	classes = {
	};
	objectVersion = 46;
	objects = {

/* Begin PBXBuildFile section */
		930954E91A4FB1A700D09023 /* delaunay_triangulator.cc in Sources */ = {isa = PBXBuildFile; fileRef = 930954DB1A4FB1A700D09023 /* delaunay_triangulator.cc */; };
		930954EA1A4FB1A700D09023 /* line_iterator.cc in Sources */ = {isa = PBXBuildFile; fileRef = 930954DC1A4FB1A700D09023 /* line_iterator.cc */; };
		930954EB1A4FB1A700D09023 /* triangle_iterator.cc in Sources */ = {isa = PBXBuildFile; fileRef = 930954DD1A4FB1A700D09023 /* triangle_iterator.cc */; };
		930954EC1A4FB1A700D09023 /* triangulator_base.cc in Sources */ = {isa = PBXBuildFile; fileRef = 930954DE1A4FB1A700D09023 /* triangulator_base.cc */; };
		930954ED1A4FB1A700D09023 /* voronoi_triangulator.cc in Sources */ = {isa = PBXBuildFile; fileRef = 930954DF1A4FB1A700D09023 /* voronoi_triangulator.cc */; };
		930954F91A4FB1B600D09023 /* delaunay_triangulator.h in Headers */ = {isa = PBXBuildFile; fileRef = 930954F01A4FB1B600D09023 /* delaunay_triangulator.h */; };
		930954FA1A4FB1B600D09023 /* line.h in Headers */ = {isa = PBXBuildFile; fileRef = 930954F11A4FB1B600D09023 /* line.h */; };
		930954FB1A4FB1B600D09023 /* line_iterator.h in Headers */ = {isa = PBXBuildFile; fileRef = 930954F21A4FB1B600D09023 /* line_iterator.h */; };
		930954FC1A4FB1B600D09023 /* point.h in Headers */ = {isa = PBXBuildFile; fileRef = 930954F31A4FB1B600D09023 /* point.h */; };
		930954FD1A4FB1B600D09023 /* triangle.h in Headers */ = {isa = PBXBuildFile; fileRef = 930954F41A4FB1B600D09023 /* triangle.h */; };
		930954FE1A4FB1B600D09023 /* triangle_iterator.h in Headers */ = {isa = PBXBuildFile; fileRef = 930954F51A4FB1B600D09023 /* triangle_iterator.h */; };
		930954FF1A4FB1B600D09023 /* triangulator_base.h in Headers */ = {isa = PBXBuildFile; fileRef = 930954F61A4FB1B600D09023 /* triangulator_base.h */; };
		930955001A4FB1B600D09023 /* voronoi_triangulator.h in Headers */ = {isa = PBXBuildFile; fileRef = 930954F71A4FB1B600D09023 /* voronoi_triangulator.h */; };
		930955011A4FB1B600D09023 /* triangulation.h in Headers */ = {isa = PBXBuildFile; fileRef = 930954F81A4FB1B600D09023 /* triangulation.h */; };
		930955191A4FB27600D09023 /* triangulation.h in Headers */ = {isa = PBXBuildFile; fileRef = 930954F81A4FB1B600D09023 /* triangulation.h */; };
		9309551A1A4FB27600D09023 /* point.h in Headers */ = {isa = PBXBuildFile; fileRef = 930954F31A4FB1B600D09023 /* point.h */; };
		9309551B1A4FB27600D09023 /* line.h in Headers */ = {isa = PBXBuildFile; fileRef = 930954F11A4FB1B600D09023 /* line.h */; };
		9309551C1A4FB27600D09023 /* line_iterator.h in Headers */ = {isa = PBXBuildFile; fileRef = 930954F21A4FB1B600D09023 /* line_iterator.h */; };
		9309551D1A4FB27600D09023 /* triangle.h in Headers */ = {isa = PBXBuildFile; fileRef = 930954F41A4FB1B600D09023 /* triangle.h */; };
		9309551E1A4FB27600D09023 /* triangle_iterator.h in Headers */ = {isa = PBXBuildFile; fileRef = 930954F51A4FB1B600D09023 /* triangle_iterator.h */; };
		9309551F1A4FB27600D09023 /* triangulator_base.h in Headers */ = {isa = PBXBuildFile; fileRef = 930954F61A4FB1B600D09023 /* triangulator_base.h */; };
		930955201A4FB27600D09023 /* delaunay_triangulator.h in Headers */ = {isa = PBXBuildFile; fileRef = 930954F01A4FB1B600D09023 /* delaunay_triangulator.h */; };
		930955211A4FB27600D09023 /* voronoi_triangulator.h in Headers */ = {isa = PBXBuildFile; fileRef = 930954F71A4FB1B600D09023 /* voronoi_triangulator.h */; };
		930955221A4FB27600D09023 /* line_iterator.cc in Sources */ = {isa = PBXBuildFile; fileRef = 930954DC1A4FB1A700D09023 /* line_iterator.cc */; };
		930955231A4FB27600D09023 /* triangle_iterator.cc in Sources */ = {isa = PBXBuildFile; fileRef = 930954DD1A4FB1A700D09023 /* triangle_iterator.cc */; };
		930955241A4FB27600D09023 /* triangulator_base.cc in Sources */ = {isa = PBXBuildFile; fileRef = 930954DE1A4FB1A700D09023 /* triangulator_base.cc */; };
		930955251A4FB27600D09023 /* delaunay_triangulator.cc in Sources */ = {isa = PBXBuildFile; fileRef = 930954DB1A4FB1A700D09023 /* delaunay_triangulator.cc */; };
		930955261A4FB27600D09023 /* voronoi_triangulator.cc in Sources */ = {isa = PBXBuildFile; fileRef = 930954DF1A4FB1A700D09023 /* voronoi_triangulator.cc */; };
		930955271A4FB35A00D09023 /* triangle.h in Headers */ = {isa = PBXBuildFile; fileRef = 93F8F36D1A284949007DDBE4 /* triangle.h */; };
		930955281A4FB35A00D09023 /* triangle.c in Sources */ = {isa = PBXBuildFile; fileRef = 93F8F36C1A284949007DDBE4 /* triangle.c */; settings = {COMPILER_FLAGS = "-Wno-missing-prototypes -Wno-uninitialized -Wno-conditional-uninitialized"; }; };
		930955291A4FB36700D09023 /* triangle.h in Headers */ = {isa = PBXBuildFile; fileRef = 93F8F36D1A284949007DDBE4 /* triangle.h */; };
		9309552A1A4FB36D00D09023 /* triangle.c in Sources */ = {isa = PBXBuildFile; fileRef = 93F8F36C1A284949007DDBE4 /* triangle.c */; settings = {COMPILER_FLAGS = "-Wno-missing-prototypes -Wno-uninitialized -Wno-conditional-uninitialized"; }; };
		930955321A4FB46600D09023 /* libtakram_triangulation.dylib in Frameworks */ = {isa = PBXBuildFile; fileRef = 9309550E1A4FB1FC00D09023 /* libtakram_triangulation.dylib */; };
/* End PBXBuildFile section */

/* Begin PBXContainerItemProxy section */
		930955301A4FB46000D09023 /* PBXContainerItemProxy */ = {
			isa = PBXContainerItemProxy;
			containerPortal = 93F8AD6717C8B39800310877 /* Project object */;
			proxyType = 1;
			remoteGlobalIDString = 9309550D1A4FB1FC00D09023;
			remoteInfo = takram_triangulation_shared;
		};
/* End PBXContainerItemProxy section */

/* Begin PBXFileReference section */
		930954DB1A4FB1A700D09023 /* delaunay_triangulator.cc */ = {isa = PBXFileReference; fileEncoding = 4; lastKnownFileType = sourcecode.cpp.cpp; path = delaunay_triangulator.cc; sourceTree = "<group>"; };
		930954DC1A4FB1A700D09023 /* line_iterator.cc */ = {isa = PBXFileReference; fileEncoding = 4; lastKnownFileType = sourcecode.cpp.cpp; path = line_iterator.cc; sourceTree = "<group>"; };
		930954DD1A4FB1A700D09023 /* triangle_iterator.cc */ = {isa = PBXFileReference; fileEncoding = 4; lastKnownFileType = sourcecode.cpp.cpp; path = triangle_iterator.cc; sourceTree = "<group>"; };
		930954DE1A4FB1A700D09023 /* triangulator_base.cc */ = {isa = PBXFileReference; fileEncoding = 4; lastKnownFileType = sourcecode.cpp.cpp; path = triangulator_base.cc; sourceTree = "<group>"; };
		930954DF1A4FB1A700D09023 /* voronoi_triangulator.cc */ = {isa = PBXFileReference; fileEncoding = 4; lastKnownFileType = sourcecode.cpp.cpp; path = voronoi_triangulator.cc; sourceTree = "<group>"; };
		930954F01A4FB1B600D09023 /* delaunay_triangulator.h */ = {isa = PBXFileReference; fileEncoding = 4; lastKnownFileType = sourcecode.c.h; path = delaunay_triangulator.h; sourceTree = "<group>"; };
		930954F11A4FB1B600D09023 /* line.h */ = {isa = PBXFileReference; fileEncoding = 4; lastKnownFileType = sourcecode.c.h; path = line.h; sourceTree = "<group>"; };
		930954F21A4FB1B600D09023 /* line_iterator.h */ = {isa = PBXFileReference; fileEncoding = 4; lastKnownFileType = sourcecode.c.h; path = line_iterator.h; sourceTree = "<group>"; };
		930954F31A4FB1B600D09023 /* point.h */ = {isa = PBXFileReference; fileEncoding = 4; lastKnownFileType = sourcecode.c.h; path = point.h; sourceTree = "<group>"; };
		930954F41A4FB1B600D09023 /* triangle.h */ = {isa = PBXFileReference; fileEncoding = 4; lastKnownFileType = sourcecode.c.h; path = triangle.h; sourceTree = "<group>"; };
		930954F51A4FB1B600D09023 /* triangle_iterator.h */ = {isa = PBXFileReference; fileEncoding = 4; lastKnownFileType = sourcecode.c.h; path = triangle_iterator.h; sourceTree = "<group>"; };
		930954F61A4FB1B600D09023 /* triangulator_base.h */ = {isa = PBXFileReference; fileEncoding = 4; lastKnownFileType = sourcecode.c.h; path = triangulator_base.h; sourceTree = "<group>"; };
		930954F71A4FB1B600D09023 /* voronoi_triangulator.h */ = {isa = PBXFileReference; fileEncoding = 4; lastKnownFileType = sourcecode.c.h; path = voronoi_triangulator.h; sourceTree = "<group>"; };
		930954F81A4FB1B600D09023 /* triangulation.h */ = {isa = PBXFileReference; fileEncoding = 4; lastKnownFileType = sourcecode.c.h; path = triangulation.h; sourceTree = "<group>"; };
		930955031A4FB1E200D09023 /* product.xcconfig */ = {isa = PBXFileReference; lastKnownFileType = text.xcconfig; path = product.xcconfig; sourceTree = "<group>"; };
		930955041A4FB1E200D09023 /* product_shared.xcconfig */ = {isa = PBXFileReference; lastKnownFileType = text.xcconfig; path = product_shared.xcconfig; sourceTree = "<group>"; };
		930955051A4FB1E200D09023 /* product_static.xcconfig */ = {isa = PBXFileReference; lastKnownFileType = text.xcconfig; path = product_static.xcconfig; sourceTree = "<group>"; };
		930955061A4FB1E200D09023 /* product_test.xcconfig */ = {isa = PBXFileReference; lastKnownFileType = text.xcconfig; path = product_test.xcconfig; sourceTree = "<group>"; };
		930955071A4FB1E200D09023 /* project.xcconfig */ = {isa = PBXFileReference; lastKnownFileType = text.xcconfig; path = project.xcconfig; sourceTree = "<group>"; };
		930955081A4FB1E200D09023 /* project_debug.xcconfig */ = {isa = PBXFileReference; lastKnownFileType = text.xcconfig; path = project_debug.xcconfig; sourceTree = "<group>"; };
		930955091A4FB1E200D09023 /* project_release.xcconfig */ = {isa = PBXFileReference; lastKnownFileType = text.xcconfig; path = project_release.xcconfig; sourceTree = "<group>"; };
		9309550E1A4FB1FC00D09023 /* libtakram_triangulation.dylib */ = {isa = PBXFileReference; explicitFileType = "compiled.mach-o.dylib"; includeInIndex = 0; path = libtakram_triangulation.dylib; sourceTree = BUILT_PRODUCTS_DIR; };
		93C6B51519B22F5500A1CF93 /* libtakram_triangulation.a */ = {isa = PBXFileReference; explicitFileType = archive.ar; includeInIndex = 0; path = libtakram_triangulation.a; sourceTree = BUILT_PRODUCTS_DIR; };
		93F1B9F6180282B0002A5A5C /* takram_triangulation_test */ = {isa = PBXFileReference; explicitFileType = "compiled.mach-o.executable"; includeInIndex = 0; path = takram_triangulation_test; sourceTree = BUILT_PRODUCTS_DIR; };
		93F8F36C1A284949007DDBE4 /* triangle.c */ = {isa = PBXFileReference; fileEncoding = 4; lastKnownFileType = sourcecode.c.c; path = triangle.c; sourceTree = "<group>"; };
		93F8F36D1A284949007DDBE4 /* triangle.h */ = {isa = PBXFileReference; fileEncoding = 4; lastKnownFileType = sourcecode.c.h; path = triangle.h; sourceTree = "<group>"; };
/* End PBXFileReference section */

/* Begin PBXFrameworksBuildPhase section */
		9309550B1A4FB1FC00D09023 /* Frameworks */ = {
			isa = PBXFrameworksBuildPhase;
			buildActionMask = 2147483647;
			files = (
			);
			runOnlyForDeploymentPostprocessing = 0;
		};
		93C6B51219B22F5500A1CF93 /* Frameworks */ = {
			isa = PBXFrameworksBuildPhase;
			buildActionMask = 2147483647;
			files = (
			);
			runOnlyForDeploymentPostprocessing = 0;
		};
		93F1B9F3180282B0002A5A5C /* Frameworks */ = {
			isa = PBXFrameworksBuildPhase;
			buildActionMask = 2147483647;
			files = (
				930955321A4FB46600D09023 /* libtakram_triangulation.dylib in Frameworks */,
			);
			runOnlyForDeploymentPostprocessing = 0;
		};
/* End PBXFrameworksBuildPhase section */

/* Begin PBXGroup section */
		930954D91A4FB1A700D09023 /* sources */ = {
			isa = PBXGroup;
			children = (
				930954DA1A4FB1A700D09023 /* triangulation */,
			);
			name = sources;
			path = src;
			sourceTree = "<group>";
		};
		930954DA1A4FB1A700D09023 /* triangulation */ = {
			isa = PBXGroup;
			children = (
				930954DC1A4FB1A700D09023 /* line_iterator.cc */,
				930954DD1A4FB1A700D09023 /* triangle_iterator.cc */,
				930954DE1A4FB1A700D09023 /* triangulator_base.cc */,
				930954DB1A4FB1A700D09023 /* delaunay_triangulator.cc */,
				930954DF1A4FB1A700D09023 /* voronoi_triangulator.cc */,
			);
			path = triangulation;
			sourceTree = "<group>";
		};
		930954EE1A4FB1B600D09023 /* headers */ = {
			isa = PBXGroup;
			children = (
				930954F81A4FB1B600D09023 /* triangulation.h */,
				930954EF1A4FB1B600D09023 /* triangulation */,
			);
			name = headers;
			path = include/takram;
			sourceTree = "<group>";
		};
		930954EF1A4FB1B600D09023 /* triangulation */ = {
			isa = PBXGroup;
			children = (
				930954F31A4FB1B600D09023 /* point.h */,
				930954F11A4FB1B600D09023 /* line.h */,
				930954F21A4FB1B600D09023 /* line_iterator.h */,
				930954F41A4FB1B600D09023 /* triangle.h */,
				930954F51A4FB1B600D09023 /* triangle_iterator.h */,
				930954F61A4FB1B600D09023 /* triangulator_base.h */,
				930954F01A4FB1B600D09023 /* delaunay_triangulator.h */,
				930954F71A4FB1B600D09023 /* voronoi_triangulator.h */,
			);
			path = triangulation;
			sourceTree = "<group>";
		};
		930955021A4FB1E200D09023 /* xcode */ = {
			isa = PBXGroup;
			children = (
				930955071A4FB1E200D09023 /* project.xcconfig */,
				930955081A4FB1E200D09023 /* project_debug.xcconfig */,
				930955091A4FB1E200D09023 /* project_release.xcconfig */,
				930955031A4FB1E200D09023 /* product.xcconfig */,
				930955051A4FB1E200D09023 /* product_static.xcconfig */,
				930955041A4FB1E200D09023 /* product_shared.xcconfig */,
				930955061A4FB1E200D09023 /* product_test.xcconfig */,
			);
			path = xcode;
			sourceTree = "<group>";
		};
		93F1BA03180283B9002A5A5C /* libraries */ = {
			isa = PBXGroup;
			children = (
				93F8F3671A284949007DDBE4 /* triangle */,
			);
			name = libraries;
			sourceTree = "<group>";
		};
		93F8AD6617C8B39800310877 = {
			isa = PBXGroup;
			children = (
				930954EE1A4FB1B600D09023 /* headers */,
				930954D91A4FB1A700D09023 /* sources */,
				93F1BA03180283B9002A5A5C /* libraries */,
				930955021A4FB1E200D09023 /* xcode */,
				93F8AD7017C8B39800310877 /* products */,
			);
			sourceTree = "<group>";
		};
		93F8AD7017C8B39800310877 /* products */ = {
			isa = PBXGroup;
			children = (
				93C6B51519B22F5500A1CF93 /* libtakram_triangulation.a */,
				93F1B9F6180282B0002A5A5C /* takram_triangulation_test */,
				9309550E1A4FB1FC00D09023 /* libtakram_triangulation.dylib */,
			);
			name = products;
			sourceTree = "<group>";
		};
		93F8F3671A284949007DDBE4 /* triangle */ = {
			isa = PBXGroup;
			children = (
				93F8F36D1A284949007DDBE4 /* triangle.h */,
				93F8F36C1A284949007DDBE4 /* triangle.c */,
			);
			name = triangle;
			path = lib/triangle;
			sourceTree = "<group>";
		};
/* End PBXGroup section */

/* Begin PBXHeadersBuildPhase section */
		9309550C1A4FB1FC00D09023 /* Headers */ = {
			isa = PBXHeadersBuildPhase;
			buildActionMask = 2147483647;
			files = (
				930955191A4FB27600D09023 /* triangulation.h in Headers */,
				9309551F1A4FB27600D09023 /* triangulator_base.h in Headers */,
				9309551D1A4FB27600D09023 /* triangle.h in Headers */,
				930955201A4FB27600D09023 /* delaunay_triangulator.h in Headers */,
				9309551E1A4FB27600D09023 /* triangle_iterator.h in Headers */,
				9309551A1A4FB27600D09023 /* point.h in Headers */,
				930955271A4FB35A00D09023 /* triangle.h in Headers */,
				9309551C1A4FB27600D09023 /* line_iterator.h in Headers */,
				9309551B1A4FB27600D09023 /* line.h in Headers */,
				930955211A4FB27600D09023 /* voronoi_triangulator.h in Headers */,
			);
			runOnlyForDeploymentPostprocessing = 0;
		};
		93C6B51319B22F5500A1CF93 /* Headers */ = {
			isa = PBXHeadersBuildPhase;
			buildActionMask = 2147483647;
			files = (
				930954FD1A4FB1B600D09023 /* triangle.h in Headers */,
				930954FC1A4FB1B600D09023 /* point.h in Headers */,
				930954FE1A4FB1B600D09023 /* triangle_iterator.h in Headers */,
				930954F91A4FB1B600D09023 /* delaunay_triangulator.h in Headers */,
				930954FB1A4FB1B600D09023 /* line_iterator.h in Headers */,
				930955011A4FB1B600D09023 /* triangulation.h in Headers */,
				930955291A4FB36700D09023 /* triangle.h in Headers */,
				930954FA1A4FB1B600D09023 /* line.h in Headers */,
				930954FF1A4FB1B600D09023 /* triangulator_base.h in Headers */,
				930955001A4FB1B600D09023 /* voronoi_triangulator.h in Headers */,
			);
			runOnlyForDeploymentPostprocessing = 0;
		};
/* End PBXHeadersBuildPhase section */

/* Begin PBXNativeTarget section */
		9309550D1A4FB1FC00D09023 /* takram_triangulation_shared */ = {
			isa = PBXNativeTarget;
			buildConfigurationList = 930955161A4FB1FC00D09023 /* Build configuration list for PBXNativeTarget "takram_triangulation_shared" */;
			buildPhases = (
				9309550A1A4FB1FC00D09023 /* Sources */,
				9309550B1A4FB1FC00D09023 /* Frameworks */,
				9309550C1A4FB1FC00D09023 /* Headers */,
			);
			buildRules = (
			);
			dependencies = (
			);
			name = takram_triangulation_shared;
			productName = takram_triangulation;
			productReference = 9309550E1A4FB1FC00D09023 /* libtakram_triangulation.dylib */;
			productType = "com.apple.product-type.library.dynamic";
		};
		93C6B51419B22F5500A1CF93 /* takram_triangulation_static */ = {
			isa = PBXNativeTarget;
			buildConfigurationList = 93C6B51619B22F5500A1CF93 /* Build configuration list for PBXNativeTarget "takram_triangulation_static" */;
			buildPhases = (
				93C6B51119B22F5500A1CF93 /* Sources */,
				93C6B51219B22F5500A1CF93 /* Frameworks */,
				93C6B51319B22F5500A1CF93 /* Headers */,
			);
			buildRules = (
			);
			dependencies = (
			);
			name = takram_triangulation_static;
			productName = sgss_opaque;
			productReference = 93C6B51519B22F5500A1CF93 /* libtakram_triangulation.a */;
			productType = "com.apple.product-type.library.static";
		};
		93F1B9F5180282B0002A5A5C /* takram_triangulation_test */ = {
			isa = PBXNativeTarget;
			buildConfigurationList = 93F1B9FE180282B1002A5A5C /* Build configuration list for PBXNativeTarget "takram_triangulation_test" */;
			buildPhases = (
				93F1B9F2180282B0002A5A5C /* Sources */,
				93F1B9F3180282B0002A5A5C /* Frameworks */,
			);
			buildRules = (
			);
			dependencies = (
				930955311A4FB46000D09023 /* PBXTargetDependency */,
			);
			name = takram_triangulation_test;
			productName = sgss_opaque_test;
			productReference = 93F1B9F6180282B0002A5A5C /* takram_triangulation_test */;
			productType = "com.apple.product-type.tool";
		};
/* End PBXNativeTarget section */

/* Begin PBXProject section */
		93F8AD6717C8B39800310877 /* Project object */ = {
			isa = PBXProject;
			attributes = {
				LastUpgradeCheck = 0610;
				ORGANIZATIONNAME = sgss;
				TargetAttributes = {
					9309550D1A4FB1FC00D09023 = {
						CreatedOnToolsVersion = 6.1;
					};
				};
			};
			buildConfigurationList = 93F8AD6A17C8B39800310877 /* Build configuration list for PBXProject "takram_triangulation" */;
			compatibilityVersion = "Xcode 3.2";
			developmentRegion = English;
			hasScannedForEncodings = 0;
			knownRegions = (
				en,
			);
			mainGroup = 93F8AD6617C8B39800310877;
			productRefGroup = 93F8AD7017C8B39800310877 /* products */;
			projectDirPath = "";
			projectRoot = "";
			targets = (
				93C6B51419B22F5500A1CF93 /* takram_triangulation_static */,
				9309550D1A4FB1FC00D09023 /* takram_triangulation_shared */,
				93F1B9F5180282B0002A5A5C /* takram_triangulation_test */,
			);
		};
/* End PBXProject section */

/* Begin PBXSourcesBuildPhase section */
		9309550A1A4FB1FC00D09023 /* Sources */ = {
			isa = PBXSourcesBuildPhase;
			buildActionMask = 2147483647;
			files = (
				930955221A4FB27600D09023 /* line_iterator.cc in Sources */,
				930955241A4FB27600D09023 /* triangulator_base.cc in Sources */,
				930955251A4FB27600D09023 /* delaunay_triangulator.cc in Sources */,
				930955261A4FB27600D09023 /* voronoi_triangulator.cc in Sources */,
				930955231A4FB27600D09023 /* triangle_iterator.cc in Sources */,
				930955281A4FB35A00D09023 /* triangle.c in Sources */,
			);
			runOnlyForDeploymentPostprocessing = 0;
		};
		93C6B51119B22F5500A1CF93 /* Sources */ = {
			isa = PBXSourcesBuildPhase;
			buildActionMask = 2147483647;
			files = (
				930954ED1A4FB1A700D09023 /* voronoi_triangulator.cc in Sources */,
				930954E91A4FB1A700D09023 /* delaunay_triangulator.cc in Sources */,
				930954EA1A4FB1A700D09023 /* line_iterator.cc in Sources */,
				930954EB1A4FB1A700D09023 /* triangle_iterator.cc in Sources */,
				930954EC1A4FB1A700D09023 /* triangulator_base.cc in Sources */,
				9309552A1A4FB36D00D09023 /* triangle.c in Sources */,
			);
			runOnlyForDeploymentPostprocessing = 0;
		};
		93F1B9F2180282B0002A5A5C /* Sources */ = {
			isa = PBXSourcesBuildPhase;
			buildActionMask = 2147483647;
			files = (
			);
			runOnlyForDeploymentPostprocessing = 0;
		};
/* End PBXSourcesBuildPhase section */

/* Begin PBXTargetDependency section */
		930955311A4FB46000D09023 /* PBXTargetDependency */ = {
			isa = PBXTargetDependency;
			target = 9309550D1A4FB1FC00D09023 /* takram_triangulation_shared */;
			targetProxy = 930955301A4FB46000D09023 /* PBXContainerItemProxy */;
		};
/* End PBXTargetDependency section */

/* Begin XCBuildConfiguration section */
		930955171A4FB1FC00D09023 /* Debug */ = {
			isa = XCBuildConfiguration;
			baseConfigurationReference = 930955041A4FB1E200D09023 /* product_shared.xcconfig */;
			buildSettings = {
				DYLIB_COMPATIBILITY_VERSION = 1;
				DYLIB_CURRENT_VERSION = 1;
				EXECUTABLE_PREFIX = lib;
				PRODUCT_NAME = takram_triangulation;
			};
			name = Debug;
		};
		930955181A4FB1FC00D09023 /* Release */ = {
			isa = XCBuildConfiguration;
			baseConfigurationReference = 930955041A4FB1E200D09023 /* product_shared.xcconfig */;
			buildSettings = {
				DYLIB_COMPATIBILITY_VERSION = 1;
				DYLIB_CURRENT_VERSION = 1;
				EXECUTABLE_PREFIX = lib;
				PRODUCT_NAME = takram_triangulation;
			};
			name = Release;
		};
		93C6B51719B22F5500A1CF93 /* Debug */ = {
			isa = XCBuildConfiguration;
			baseConfigurationReference = 930955051A4FB1E200D09023 /* product_static.xcconfig */;
			buildSettings = {
				DYLIB_COMPATIBILITY_VERSION = 1;
				DYLIB_CURRENT_VERSION = 1;
				EXECUTABLE_PREFIX = lib;
				PRODUCT_NAME = takram_triangulation;
			};
			name = Debug;
		};
		93C6B51819B22F5500A1CF93 /* Release */ = {
			isa = XCBuildConfiguration;
			baseConfigurationReference = 930955051A4FB1E200D09023 /* product_static.xcconfig */;
			buildSettings = {
				DYLIB_COMPATIBILITY_VERSION = 1;
				DYLIB_CURRENT_VERSION = 1;
				EXECUTABLE_PREFIX = lib;
				PRODUCT_NAME = takram_triangulation;
			};
			name = Release;
		};
		93F1B9FC180282B1002A5A5C /* Debug */ = {
			isa = XCBuildConfiguration;
			baseConfigurationReference = 930955061A4FB1E200D09023 /* product_test.xcconfig */;
			buildSettings = {
				LD_RUNPATH_SEARCH_PATHS = "@executable_path/lib";
				PRODUCT_NAME = takram_triangulation_test;
			};
			name = Debug;
		};
		93F1B9FD180282B1002A5A5C /* Release */ = {
			isa = XCBuildConfiguration;
			baseConfigurationReference = 930955061A4FB1E200D09023 /* product_test.xcconfig */;
			buildSettings = {
				LD_RUNPATH_SEARCH_PATHS = "@executable_path/lib";
				PRODUCT_NAME = takram_triangulation_test;
			};
			name = Release;
		};
		93F8AD7617C8B39800310877 /* Debug */ = {
			isa = XCBuildConfiguration;
			baseConfigurationReference = 930955081A4FB1E200D09023 /* project_debug.xcconfig */;
			buildSettings = {
				MACOSX_DEPLOYMENT_TARGET = 10.9;
				ONLY_ACTIVE_ARCH = YES;
				SDKROOT = macosx;
			};
			name = Debug;
		};
		93F8AD7717C8B39800310877 /* Release */ = {
			isa = XCBuildConfiguration;
			baseConfigurationReference = 930955091A4FB1E200D09023 /* project_release.xcconfig */;
			buildSettings = {
				MACOSX_DEPLOYMENT_TARGET = 10.9;
				ONLY_ACTIVE_ARCH = NO;
				SDKROOT = macosx;
			};
			name = Release;
		};
/* End XCBuildConfiguration section */

/* Begin XCConfigurationList section */
		930955161A4FB1FC00D09023 /* Build configuration list for PBXNativeTarget "takram_triangulation_shared" */ = {
			isa = XCConfigurationList;
			buildConfigurations = (
				930955171A4FB1FC00D09023 /* Debug */,
				930955181A4FB1FC00D09023 /* Release */,
			);
			defaultConfigurationIsVisible = 0;
		};
		93C6B51619B22F5500A1CF93 /* Build configuration list for PBXNativeTarget "takram_triangulation_static" */ = {
			isa = XCConfigurationList;
			buildConfigurations = (
				93C6B51719B22F5500A1CF93 /* Debug */,
				93C6B51819B22F5500A1CF93 /* Release */,
			);
			defaultConfigurationIsVisible = 0;
			defaultConfigurationName = Release;
		};
		93F1B9FE180282B1002A5A5C /* Build configuration list for PBXNativeTarget "takram_triangulation_test" */ = {
			isa = XCConfigurationList;
			buildConfigurations = (
				93F1B9FC180282B1002A5A5C /* Debug */,
				93F1B9FD180282B1002A5A5C /* Release */,
			);
			defaultConfigurationIsVisible = 0;
			defaultConfigurationName = Release;
		};
		93F8AD6A17C8B39800310877 /* Build configuration list for PBXProject "takram_triangulation" */ = {
			isa = XCConfigurationList;
			buildConfigurations = (
				93F8AD7617C8B39800310877 /* Debug */,
				93F8AD7717C8B39800310877 /* Release */,
			);
			defaultConfigurationIsVisible = 0;
			defaultConfigurationName = Release;
		};
/* End XCConfigurationList section */
	};
	rootObject = 93F8AD6717C8B39800310877 /* Project object */;
}
